Microsoft Visual Studio Solution File, Format Version 12.00
# Visual Studio Version 17
VisualStudioVersion = 17.5.2.0
MinimumVisualStudioVersion = 10.0.40219.1
Project("{FAE04EC0-301F-11D3-BF4B-00C04F79EFBC}") = "ciber_backend", "ciber_backend.csproj", "{6D9AE514-F202-5DD7-CA9A-85C0922B1054}"
EndProject
Global
	GlobalSection(SolutionConfigurationPlatforms) = preSolution
		Debug|Any CPU = Debug|Any CPU
		Release|Any CPU = Release|Any CPU
	EndGlobalSection
	GlobalSection(ProjectConfigurationPlatforms) = postSolution
		{6D9AE514-F202-5DD7-CA9A-85C0922B1054}.Debug|Any CPU.ActiveCfg = Debug|Any CPU
		{6D9AE514-F202-5DD7-CA9A-85C0922B1054}.Debug|Any CPU.Build.0 = Debug|Any CPU
		{6D9AE514-F202-5DD7-CA9A-85C0922B1054}.Release|Any CPU.ActiveCfg = Release|Any CPU
		{6D9AE514-F202-5DD7-CA9A-85C0922B1054}.Release|Any CPU.Build.0 = Release|Any CPU
	EndGlobalSection
	GlobalSection(SolutionProperties) = preSolution
		HideSolutionNode = FALSE
	EndGlobalSection
	GlobalSection(ExtensibilityGlobals) = postSolution
		SolutionGuid = {18B85A29-51C9-4D07-A0D0-0BFC903DF14A}
	EndGlobalSection
EndGlobal
